
Microsoft Visual Studio Solution File, Format Version 12.00
# Visual Studio Version 16
VisualStudioVersion = 16.0.30907.101
MinimumVisualStudioVersion = 10.0.40219.1
Project("{9A19103F-16F7-4668-BE54-9A1E7A4F7556}") = "HotelApp", "HotelApp\HotelApp.csproj", "{9A923C5E-9544-4B45-9CC8-0DFA9DB449FE}"
EndProject
Project("{9A19103F-16F7-4668-BE54-9A1E7A4F7556}") = "HotelAppServices", "HotelAppServices\HotelAppServices.csproj", "{418FB59B-37E1-4DC7-B15F-76D7E1C6D160}"
EndProject
Project("{9A19103F-16F7-4668-BE54-9A1E7A4F7556}") = "HotelAppModels", "HotelAppModels\HotelAppModels.csproj", "{98D558B3-F035-4343-A543-B6112665EB9C}"
EndProject
Project("{9A19103F-16F7-4668-BE54-9A1E7A4F7556}") = "HotelAppRepositories", "HotelAppRepositories\HotelAppRepositories.csproj", "{817E6923-A72B-42B6-9BE7-661978A44949}"
EndProject
Global
	GlobalSection(SolutionConfigurationPlatforms) = preSolution
		Debug|Any CPU = Debug|Any CPU
		Release|Any CPU = Release|Any CPU
	EndGlobalSection
	GlobalSection(ProjectConfigurationPlatforms) = postSolution
		{9A923C5E-9544-4B45-9CC8-0DFA9DB449FE}.Debug|Any CPU.ActiveCfg = Debug|Any CPU
		{9A923C5E-9544-4B45-9CC8-0DFA9DB449FE}.Debug|Any CPU.Build.0 = Debug|Any CPU
		{9A923C5E-9544-4B45-9CC8-0DFA9DB449FE}.Release|Any CPU.ActiveCfg = Release|Any CPU
		{9A923C5E-9544-4B45-9CC8-0DFA9DB449FE}.Release|Any CPU.Build.0 = Release|Any CPU
		{418FB59B-37E1-4DC7-B15F-76D7E1C6D160}.Debug|Any CPU.ActiveCfg = Debug|Any CPU
		{418FB59B-37E1-4DC7-B15F-76D7E1C6D160}.Debug|Any CPU.Build.0 = Debug|Any CPU
		{418FB59B-37E1-4DC7-B15F-76D7E1C6D160}.Release|Any CPU.ActiveCfg = Release|Any CPU
		{418FB59B-37E1-4DC7-B15F-76D7E1C6D160}.Release|Any CPU.Build.0 = Release|Any CPU
		{98D558B3-F035-4343-A543-B6112665EB9C}.Debug|Any CPU.ActiveCfg = Debug|Any CPU
		{98D558B3-F035-4343-A543-B6112665EB9C}.Debug|Any CPU.Build.0 = Debug|Any CPU
		{98D558B3-F035-4343-A543-B6112665EB9C}.Release|Any CPU.ActiveCfg = Release|Any CPU
		{98D558B3-F035-4343-A543-B6112665EB9C}.Release|Any CPU.Build.0 = Release|Any CPU
		{817E6923-A72B-42B6-9BE7-661978A44949}.Debug|Any CPU.ActiveCfg = Debug|Any CPU
		{817E6923-A72B-42B6-9BE7-661978A44949}.Debug|Any CPU.Build.0 = Debug|Any CPU
		{817E6923-A72B-42B6-9BE7-661978A44949}.Release|Any CPU.ActiveCfg = Release|Any CPU
		{817E6923-A72B-42B6-9BE7-661978A44949}.Release|Any CPU.Build.0 = Release|Any CPU
	EndGlobalSection
	GlobalSection(SolutionProperties) = preSolution
		HideSolutionNode = FALSE
	EndGlobalSection
	GlobalSection(ExtensibilityGlobals) = postSolution
		SolutionGuid = {F26B513D-94A2-425E-9F4F-D61C8E759A64}
	EndGlobalSection
EndGlobal
